
Microsoft Visual Studio Solution File, Format Version 12.00
Project("{FAE04EC0-301F-11D3-BF4B-00C04F79EFBC}") = "UcakBiletRezervasyon", "UcakBiletRezervasyon\UcakBiletRezervasyon.csproj", "{2C0FB50B-53B6-4ADB-B6E3-4F3EC0C0AC3A}"
EndProject
Global
	GlobalSection(SolutionConfigurationPlatforms) = preSolution
		Debug|Any CPU = Debug|Any CPU
		Release|Any CPU = Release|Any CPU
	EndGlobalSection
	GlobalSection(ProjectConfigurationPlatforms) = postSolution
		{2C0FB50B-53B6-4ADB-B6E3-4F3EC0C0AC3A}.Debug|Any CPU.ActiveCfg = Debug|Any CPU
		{2C0FB50B-53B6-4ADB-B6E3-4F3EC0C0AC3A}.Debug|Any CPU.Build.0 = Debug|Any CPU
		{2C0FB50B-53B6-4ADB-B6E3-4F3EC0C0AC3A}.Release|Any CPU.ActiveCfg = Release|Any CPU
		{2C0FB50B-53B6-4ADB-B6E3-4F3EC0C0AC3A}.Release|Any CPU.Build.0 = Release|Any CPU
	EndGlobalSection
EndGlobal
